PODS:
  - AFNetworking (3.2.1):
    - AFNetworking/NSURLSession (= 3.2.1)
    - AFNetworking/Reachability (= 3.2.1)
    - AFNetworking/Security (= 3.2.1)
    - AFNetworking/Serialization (= 3.2.1)
    - AFNetworking/UIKit (= 3.2.1)
  - AFNetworking/NSURLSession (3.2.1):
    - AFNetworking/Reachability
    - AFNetworking/Security
    - AFNetworking/Serialization
  - AFNetworking/Reachability (3.2.1)
  - AFNetworking/Security (3.2.1)
  - AFNetworking/Serialization (3.2.1)
  - AFNetworking/UIKit (3.2.1):
    - AFNetworking/NSURLSession
  - Bugly (2.5.0)
  - CocoaLumberjack (3.4.1):
    - CocoaLumberjack/Default (= 3.4.1)
    - CocoaLumberjack/Extensions (= 3.4.1)
  - CocoaLumberjack/Default (3.4.1)
  - CocoaLumberjack/Extensions (3.4.1):
    - CocoaLumberjack/Default
  - IQKeyboardManager (6.2.0)
  - MBProgressHUD (1.1.0)
  - QIYU_iOS_SDK (4.2.1)
  - SandBoxPreviewTool (1.1)
  - UICKeyChainStore (2.1.1)
  - UMCAnalytics (5.5.0):
    - UMCCommon
  - UMCCommon (1.5.2)
  - UMCSecurityPlugins (1.0.6)
  - UMCShare/Core (6.9.4):
    - UMCCommon
  - UMCShare/Social/ReducedQQ (6.9.4):
    - UMCCommon
    - UMCShare/Core
  - UMCShare/Social/ReducedSina (6.9.4):
    - UMCCommon
    - UMCShare/Core
  - UMCShare/Social/ReducedWeChat (6.9.4):
    - UMCCommon
    - UMCShare/Core
  - WechatOpenSDK (1.8.2)
  - YYKit (1.0.9):
    - YYKit/no-arc (= 1.0.9)
  - YYKit/no-arc (1.0.9)

DEPENDENCIES:
  - AFNetworking
  - Bugly (= 2.5.0)
  - CocoaLumberjack (= 3.4.1)
  - IQKeyboardManager
  - MBProgressHUD
  - QIYU_iOS_SDK (~> 4.2.1)
  - SandBoxPreviewTool
  - UICKeyChainStore (= 2.1.1)
  - UMCAnalytics
  - UMCCommon
  - UMCSecurityPlugins
  - UMCShare/Social/ReducedQQ
  - UMCShare/Social/ReducedSina
  - UMCShare/Social/ReducedWeChat
  - WechatOpenSDK
  - YYKit

SPEC REPOS:
  https://github.com/cocoapods/specs.git:
    - AFNetworking
    - Bugly
    - CocoaLumberjack
    - IQKeyboardManager
    - MBProgressHUD
    - QIYU_iOS_SDK
    - SandBoxPreviewTool
    - UICKeyChainStore
    - UMCAnalytics
    - UMCCommon
    - UMCSecurityPlugins
    - UMCShare
    - WechatOpenSDK
    - YYKit

SPEC CHECKSUMS:
  AFNetworking: b6f891fdfaed196b46c7a83cf209e09697b94057
  Bugly: 3ca9f255c01025582df26f9222893b383c7e4b4e
  CocoaLumberjack: 2e258a064cacc8eb9a2aca318e24d02a0a7fd56d
  IQKeyboardManager: 6194101620b73af5e67900b8f89707a99de0b804
  MBProgressHUD: e7baa36a220447d8aeb12769bf0585582f3866d9
  QIYU_iOS_SDK: 9dc5cb1dee3abdccca56cc282ecbfc841e366680
  SandBoxPreviewTool: 2d837db4409c74c9a8047838f5b320c08161fad1
  UICKeyChainStore: 239558492fa260531a0774cfc611ea83a6eaff3a
  UMCAnalytics: 6654fd3c8201ff6da5c86a3ae29cd5c8436d3b7b
  UMCCommon: 016af43c0f769feb1ae1861d65aaf2b23b89c9c7
  UMCSecurityPlugins: 0831a08f3988f3cea9f1d3a7626cd9bee4fef150
  UMCShare: 552b29753f1b4da87b51d96545ed19e6263df397
  WechatOpenSDK: 3117412f8aafde4758cac1e8d20b93c67cafcfef
  YYKit: 7cda43304a8dc3696c449041e2cb3107b4e236e7

PODFILE CHECKSUM: a8f115040464e492329502a0ec52e4d677ff05ce

COCOAPODS: 1.5.3
